
Microsoft Visual Studio Solution File, Format Version 12.00
# Visual Studio 15
VisualStudioVersion = 15.0.28307.168
MinimumVisualStudioVersion = 10.0.40219.1
Project("{FAE04EC0-301F-11D3-BF4B-00C04F79EFBC}") = "Palle's Gavebod", "Palle's Gavebod\Palle's Gavebod.csproj", "{6D68235E-65A0-4CAC-8DF9-AD8A9B2BA0DB}"
EndProject
Global
	GlobalSection(SolutionConfigurationPlatforms) = preSolution
		Debug|Any CPU = Debug|Any CPU
		Release|Any CPU = Release|Any CPU
	EndGlobalSection
	GlobalSection(ProjectConfigurationPlatforms) = postSolution
		{6D68235E-65A0-4CAC-8DF9-AD8A9B2BA0DB}.Debug|Any CPU.ActiveCfg = Debug|Any CPU
		{6D68235E-65A0-4CAC-8DF9-AD8A9B2BA0DB}.Debug|Any CPU.Build.0 = Debug|Any CPU
		{6D68235E-65A0-4CAC-8DF9-AD8A9B2BA0DB}.Release|Any CPU.ActiveCfg = Release|Any CPU
		{6D68235E-65A0-4CAC-8DF9-AD8A9B2BA0DB}.Release|Any CPU.Build.0 = Release|Any CPU
	EndGlobalSection
	GlobalSection(SolutionProperties) = preSolution
		HideSolutionNode = FALSE
	EndGlobalSection
	GlobalSection(ExtensibilityGlobals) = postSolution
		SolutionGuid = {5AB08774-8686-40E1-845E-0A6C0581EAE2}
	EndGlobalSection
EndGlobal
