
Microsoft Visual Studio Solution File, Format Version 12.00
# Visual Studio 15
VisualStudioVersion = 15.0.28307.168
MinimumVisualStudioVersion = 10.0.40219.1
Project("{FAE04EC0-301F-11D3-BF4B-00C04F79EFBC}") = "Entities", "Entities\Entities.csproj", "{128A107E-7AEB-45B5-866A-338262DFEAE0}"
EndProject
Project("{FAE04EC0-301F-11D3-BF4B-00C04F79EFBC}") = "API", "API\API.csproj", "{48DB540D-C3D0-4309-827E-ABECDC2FC727}"
EndProject
Project("{FAE04EC0-301F-11D3-BF4B-00C04F79EFBC}") = "Web", "Web\Web.csproj", "{2BB706B9-22BB-452E-83F0-CE4809F75018}"
EndProject
Global
	GlobalSection(SolutionConfigurationPlatforms) = preSolution
		Debug|Any CPU = Debug|Any CPU
		Release|Any CPU = Release|Any CPU
	EndGlobalSection
	GlobalSection(ProjectConfigurationPlatforms) = postSolution
		{128A107E-7AEB-45B5-866A-338262DFEAE0}.Debug|Any CPU.ActiveCfg = Debug|Any CPU
		{128A107E-7AEB-45B5-866A-338262DFEAE0}.Debug|Any CPU.Build.0 = Debug|Any CPU
		{128A107E-7AEB-45B5-866A-338262DFEAE0}.Release|Any CPU.ActiveCfg = Release|Any CPU
		{128A107E-7AEB-45B5-866A-338262DFEAE0}.Release|Any CPU.Build.0 = Release|Any CPU
		{48DB540D-C3D0-4309-827E-ABECDC2FC727}.Debug|Any CPU.ActiveCfg = Debug|Any CPU
		{48DB540D-C3D0-4309-827E-ABECDC2FC727}.Debug|Any CPU.Build.0 = Debug|Any CPU
		{48DB540D-C3D0-4309-827E-ABECDC2FC727}.Release|Any CPU.ActiveCfg = Release|Any CPU
		{48DB540D-C3D0-4309-827E-ABECDC2FC727}.Release|Any CPU.Build.0 = Release|Any CPU
		{2BB706B9-22BB-452E-83F0-CE4809F75018}.Debug|Any CPU.ActiveCfg = Debug|Any CPU
		{2BB706B9-22BB-452E-83F0-CE4809F75018}.Debug|Any CPU.Build.0 = Debug|Any CPU
		{2BB706B9-22BB-452E-83F0-CE4809F75018}.Release|Any CPU.ActiveCfg = Release|Any CPU
		{2BB706B9-22BB-452E-83F0-CE4809F75018}.Release|Any CPU.Build.0 = Release|Any CPU
	EndGlobalSection
	GlobalSection(SolutionProperties) = preSolution
		HideSolutionNode = FALSE
	EndGlobalSection
	GlobalSection(ExtensibilityGlobals) = postSolution
		SolutionGuid = {5AB08774-8686-40E1-845E-0A6C0581EAE2}
	EndGlobalSection
EndGlobal
